
Microsoft Visual Studio Solution File, Format Version 12.00
# Visual Studio 15
VisualStudioVersion = 15.0.28307.779
MinimumVisualStudioVersion = 10.0.40219.1
Project("{8BC9CEB8-8B4A-11D0-8D11-00A0C91BC942}") = "Framework", "Framework\Framework.vcxproj", "{830E0977-ED9B-4292-A058-145D648A31E9}"
EndProject
Project("{8BC9CEB8-8B4A-11D0-8D11-00A0C91BC942}") = "UnitTest", "UnitTest\UnitTest.vcxproj", "{C1C93B8E-19A1-40EA-9BEB-083E8F74755F}"
	ProjectSection(ProjectDependencies) = postProject
		{830E0977-ED9B-4292-A058-145D648A31E9} = {830E0977-ED9B-4292-A058-145D648A31E9}
	EndProjectSection
EndProject
Project("{2150E333-8FDC-42A3-9474-1A3956D46DE8}") = "_Shaders", "_Shaders", "{23C61D5F-CE27-42EE-9D5B-8494158BB60E}"
EndProject
Project("{8BC9CEB8-8B4A-11D0-8D11-00A0C91BC942}") = "ModelConv", "ModelConv\ModelConv.vcxproj", "{C1E38F01-DBB6-4F5F-A74F-9461FB558EAB}"
	ProjectSection(ProjectDependencies) = postProject
		{830E0977-ED9B-4292-A058-145D648A31E9} = {830E0977-ED9B-4292-A058-145D648A31E9}
	EndProjectSection
EndProject
Project("{2150E333-8FDC-42A3-9474-1A3956D46DE8}") = "00", "00", "{E26E4FDE-09A6-4D06-A8DB-D9B266A6B6FF}"
	ProjectSection(SolutionItems) = preProject
		..\_Shaders\00_Billboard.fx = ..\_Shaders\00_Billboard.fx
		..\_Shaders\00_Deffered.fx = ..\_Shaders\00_Deffered.fx
		..\_Shaders\00_Global.fx = ..\_Shaders\00_Global.fx
		..\_Shaders\00_Light.fx = ..\_Shaders\00_Light.fx
		..\_Shaders\00_Model.fx = ..\_Shaders\00_Model.fx
		..\_Shaders\00_Sky.fx = ..\_Shaders\00_Sky.fx
		..\_Shaders\00_Terrain.fx = ..\_Shaders\00_Terrain.fx
		..\_Shaders\00_Water.fx = ..\_Shaders\00_Water.fx
	EndProjectSection
EndProject
Project("{2150E333-8FDC-42A3-9474-1A3956D46DE8}") = "01-19", "01-19", "{6309539D-F788-45A0-ADCA-2C84A13B94FF}"
	ProjectSection(SolutionItems) = preProject
		..\_Shaders\02_Vertex.fx = ..\_Shaders\02_Vertex.fx
		..\_Shaders\03_Rect.fx = ..\_Shaders\03_Rect.fx
		..\_Shaders\04_World.fx = ..\_Shaders\04_World.fx
		..\_Shaders\05_Index.fx = ..\_Shaders\05_Index.fx
		..\_Shaders\06_Grid.fx = ..\_Shaders\06_Grid.fx
		..\_Shaders\08_Terrain.fx = ..\_Shaders\08_Terrain.fx
		..\_Shaders\09_Mesh.fx = ..\_Shaders\09_Mesh.fx
		..\_Shaders\10_Texture.fx = ..\_Shaders\10_Texture.fx
		..\_Shaders\11_Terrain.fx = ..\_Shaders\11_Terrain.fx
		..\_Shaders\14_Mesh.fx = ..\_Shaders\14_Mesh.fx
		..\_Shaders\15_CubeSky.fx = ..\_Shaders\15_CubeSky.fx
		..\_Shaders\16_Terrain_Brush.fx = ..\_Shaders\16_Terrain_Brush.fx
		..\_Shaders\17_Terrain_Line.fx = ..\_Shaders\17_Terrain_Line.fx
		..\_Shaders\18_Terrain_Splatting.fx = ..\_Shaders\18_Terrain_Splatting.fx
		..\_Shaders\19_Model.fx = ..\_Shaders\19_Model.fx
		..\_Shaders\20_DebugLine.fx = ..\_Shaders\20_DebugLine.fx
		..\_Shaders\20_Model.fx = ..\_Shaders\20_Model.fx
	EndProjectSection
EndProject
Project("{2150E333-8FDC-42A3-9474-1A3956D46DE8}") = "20-39", "20-39", "{38A86190-FCA6-4717-A52B-B5AAED522274}"
	ProjectSection(SolutionItems) = preProject
		..\_Shaders\20_DebugLine.fx = ..\_Shaders\20_DebugLine.fx
		..\_Shaders\20_Model.fx = ..\_Shaders\20_Model.fx
		..\_Shaders\21_Animation.fx = ..\_Shaders\21_Animation.fx
		..\_Shaders\23_Billboard.fx = ..\_Shaders\23_Billboard.fx
		..\_Shaders\24_Rain.fx = ..\_Shaders\24_Rain.fx
		..\_Shaders\24_Snow.fx = ..\_Shaders\24_Snow.fx
		..\_Shaders\25_Billboard.fx = ..\_Shaders\25_Billboard.fx
		..\_Shaders\26_Instancing.fx = ..\_Shaders\26_Instancing.fx
		..\_Shaders\27_Animation.fx = ..\_Shaders\27_Animation.fx
		..\_Shaders\27_Mesh.fx = ..\_Shaders\27_Mesh.fx
		..\_Shaders\27_Model.fx = ..\_Shaders\27_Model.fx
		..\_Shaders\29_ByteAddress.fx = ..\_Shaders\29_ByteAddress.fx
		..\_Shaders\30_Collider.fx = ..\_Shaders\30_Collider.fx
		..\_Shaders\31_Specular.fx = ..\_Shaders\31_Specular.fx
		..\_Shaders\32_NormalMap.fx = ..\_Shaders\32_NormalMap.fx
		..\_Shaders\33_Lighting.fx = ..\_Shaders\33_Lighting.fx
		..\_Shaders\35_PostEffect.fx = ..\_Shaders\35_PostEffect.fx
		..\_Shaders\35_Render2D.fx = ..\_Shaders\35_Render2D.fx
		..\_Shaders\36_MRT.fx = ..\_Shaders\36_MRT.fx
		..\_Shaders\37_Projector.fx = ..\_Shaders\37_Projector.fx
		..\_Shaders\38_Shadow.fx = ..\_Shaders\38_Shadow.fx
		..\_Shaders\39_CubeMap.fx = ..\_Shaders\39_CubeMap.fx
	EndProjectSection
EndProject
Project("{2150E333-8FDC-42A3-9474-1A3956D46DE8}") = "40-", "40-", "{8A502374-1A0E-4219-9021-B9F97D0E1B21}"
	ProjectSection(SolutionItems) = preProject
		..\_Shaders\41_TessDistance.fx = ..\_Shaders\41_TessDistance.fx
		..\_Shaders\41_TessQuad.fx = ..\_Shaders\41_TessQuad.fx
		..\_Shaders\41_TessTriangle.fx = ..\_Shaders\41_TessTriangle.fx
		..\_Shaders\42_Deffered.fx = ..\_Shaders\42_Deffered.fx
		..\_Shaders\43_PointLights.fx = ..\_Shaders\43_PointLights.fx
		..\_Shaders\44_PointLightsArray.fx = ..\_Shaders\44_PointLightsArray.fx
		..\_Shaders\45_SpotLights.fx = ..\_Shaders\45_SpotLights.fx
		..\_Shaders\46_DefferedShadow.fx = ..\_Shaders\46_DefferedShadow.fx
		..\_Shaders\47_DefferedShadow.fx = ..\_Shaders\47_DefferedShadow.fx
		..\_Shaders\48_Water.fx = ..\_Shaders\48_Water.fx
		..\_Shaders\49_TerrainLod.fx = ..\_Shaders\49_TerrainLod.fx
		..\_Shaders\50_FFT.fx = ..\_Shaders\50_FFT.fx
		..\_Shaders\50_OceanRendering.fx = ..\_Shaders\50_OceanRendering.fx
		..\_Shaders\50_OceanSimulator.fx = ..\_Shaders\50_OceanSimulator.fx
		..\_Shaders\51_Particle.fx = ..\_Shaders\51_Particle.fx
	EndProjectSection
EndProject
Project("{8BC9CEB8-8B4A-11D0-8D11-00A0C91BC942}") = "ParticleEditor", "ParticleEditor\ParticleEditor.vcxproj", "{19FF3AF6-DD8B-4B7B-A0EA-D5A9D1DDF20A}"
	ProjectSection(ProjectDependencies) = postProject
		{830E0977-ED9B-4292-A058-145D648A31E9} = {830E0977-ED9B-4292-A058-145D648A31E9}
	EndProjectSection
EndProject
Global
	GlobalSection(SolutionConfigurationPlatforms) = preSolution
		Debug|x64 = Debug|x64
		Debug|x86 = Debug|x86
		Release|x64 = Release|x64
		Release|x86 = Release|x86
	EndGlobalSection
	GlobalSection(ProjectConfigurationPlatforms) = postSolution
		{830E0977-ED9B-4292-A058-145D648A31E9}.Debug|x64.ActiveCfg = Debug|x64
		{830E0977-ED9B-4292-A058-145D648A31E9}.Debug|x64.Build.0 = Debug|x64
		{830E0977-ED9B-4292-A058-145D648A31E9}.Debug|x86.ActiveCfg = Debug|Win32
		{830E0977-ED9B-4292-A058-145D648A31E9}.Debug|x86.Build.0 = Debug|Win32
		{830E0977-ED9B-4292-A058-145D648A31E9}.Release|x64.ActiveCfg = Release|x64
		{830E0977-ED9B-4292-A058-145D648A31E9}.Release|x64.Build.0 = Release|x64
		{830E0977-ED9B-4292-A058-145D648A31E9}.Release|x86.ActiveCfg = Release|Win32
		{830E0977-ED9B-4292-A058-145D648A31E9}.Release|x86.Build.0 = Release|Win32
		{C1C93B8E-19A1-40EA-9BEB-083E8F74755F}.Debug|x64.ActiveCfg = Debug|x64
		{C1C93B8E-19A1-40EA-9BEB-083E8F74755F}.Debug|x64.Build.0 = Debug|x64
		{C1C93B8E-19A1-40EA-9BEB-083E8F74755F}.Debug|x86.ActiveCfg = Debug|Win32
		{C1C93B8E-19A1-40EA-9BEB-083E8F74755F}.Debug|x86.Build.0 = Debug|Win32
		{C1C93B8E-19A1-40EA-9BEB-083E8F74755F}.Release|x64.ActiveCfg = Release|x64
		{C1C93B8E-19A1-40EA-9BEB-083E8F74755F}.Release|x64.Build.0 = Release|x64
		{C1C93B8E-19A1-40EA-9BEB-083E8F74755F}.Release|x86.ActiveCfg = Release|Win32
		{C1C93B8E-19A1-40EA-9BEB-083E8F74755F}.Release|x86.Build.0 = Release|Win32
		{C1E38F01-DBB6-4F5F-A74F-9461FB558EAB}.Debug|x64.ActiveCfg = Debug|x64
		{C1E38F01-DBB6-4F5F-A74F-9461FB558EAB}.Debug|x64.Build.0 = Debug|x64
		{C1E38F01-DBB6-4F5F-A74F-9461FB558EAB}.Debug|x86.ActiveCfg = Debug|Win32
		{C1E38F01-DBB6-4F5F-A74F-9461FB558EAB}.Debug|x86.Build.0 = Debug|Win32
		{C1E38F01-DBB6-4F5F-A74F-9461FB558EAB}.Release|x64.ActiveCfg = Release|x64
		{C1E38F01-DBB6-4F5F-A74F-9461FB558EAB}.Release|x64.Build.0 = Release|x64
		{C1E38F01-DBB6-4F5F-A74F-9461FB558EAB}.Release|x86.ActiveCfg = Release|Win32
		{C1E38F01-DBB6-4F5F-A74F-9461FB558EAB}.Release|x86.Build.0 = Release|Win32
		{19FF3AF6-DD8B-4B7B-A0EA-D5A9D1DDF20A}.Debug|x64.ActiveCfg = Debug|x64
		{19FF3AF6-DD8B-4B7B-A0EA-D5A9D1DDF20A}.Debug|x64.Build.0 = Debug|x64
		{19FF3AF6-DD8B-4B7B-A0EA-D5A9D1DDF20A}.Debug|x86.ActiveCfg = Debug|Win32
		{19FF3AF6-DD8B-4B7B-A0EA-D5A9D1DDF20A}.Debug|x86.Build.0 = Debug|Win32
		{19FF3AF6-DD8B-4B7B-A0EA-D5A9D1DDF20A}.Release|x64.ActiveCfg = Release|x64
		{19FF3AF6-DD8B-4B7B-A0EA-D5A9D1DDF20A}.Release|x64.Build.0 = Release|x64
		{19FF3AF6-DD8B-4B7B-A0EA-D5A9D1DDF20A}.Release|x86.ActiveCfg = Release|Win32
		{19FF3AF6-DD8B-4B7B-A0EA-D5A9D1DDF20A}.Release|x86.Build.0 = Release|Win32
	EndGlobalSection
	GlobalSection(SolutionProperties) = preSolution
		HideSolutionNode = FALSE
	EndGlobalSection
	GlobalSection(NestedProjects) = preSolution
		{E26E4FDE-09A6-4D06-A8DB-D9B266A6B6FF} = {23C61D5F-CE27-42EE-9D5B-8494158BB60E}
		{6309539D-F788-45A0-ADCA-2C84A13B94FF} = {23C61D5F-CE27-42EE-9D5B-8494158BB60E}
		{38A86190-FCA6-4717-A52B-B5AAED522274} = {23C61D5F-CE27-42EE-9D5B-8494158BB60E}
		{8A502374-1A0E-4219-9021-B9F97D0E1B21} = {23C61D5F-CE27-42EE-9D5B-8494158BB60E}
	EndGlobalSection
	GlobalSection(ExtensibilityGlobals) = postSolution
		SolutionGuid = {8059C1F0-D908-4005-B969-04648091B133}
	EndGlobalSection
EndGlobal
