<?xml version="1.0" encoding="utf-8"?>
<Project ToolsVersion="4.0" xmlns="http://schemas.microsoft.com/developer/msbuild/2003">
  <ItemGroup>
    <ClCompile Include="stdafx.cpp" />
    <ClCompile Include="Main.cpp" />
    <ClCompile Include="Converter.cpp" />
    <ClCompile Include="DrawAnimation.cpp">
      <Filter>Draw</Filter>
    </ClCompile>
    <ClCompile Include="DrawMesh.cpp">
      <Filter>Draw</Filter>
    </ClCompile>
    <ClCompile Include="DrawModel.cpp">
      <Filter>Draw</Filter>
    </ClCompile>
    <ClCompile Include="Convert.cpp">
      <Filter>Convert</Filter>
    </ClCompile>
  </ItemGroup>
  <ItemGroup>
    <ClInclude Include="stdafx.h" />
    <ClInclude Include="Main.h" />
    <ClInclude Include="Converter.h" />
    <ClInclude Include="Types.h" />
    <ClInclude Include="DrawAnimation.h">
      <Filter>Draw</Filter>
    </ClInclude>
    <ClInclude Include="DrawMesh.h">
      <Filter>Draw</Filter>
    </ClInclude>
    <ClInclude Include="DrawModel.h">
      <Filter>Draw</Filter>
    </ClInclude>
    <ClInclude Include="Convert.h">
      <Filter>Convert</Filter>
    </ClInclude>
  </ItemGroup>
  <ItemGroup>
    <Filter Include="Draw">
      <UniqueIdentifier>{1406cf0e-17b3-46fe-8bb8-3d986ba4f85f}</UniqueIdentifier>
    </Filter>
    <Filter Include="Convert">
      <UniqueIdentifier>{4e2a3235-bf33-49ab-b851-e119f83c4ab5}</UniqueIdentifier>
    </Filter>
  </ItemGroup>
</Project>